// !$*UTF8*$!
{
	archiveVersion = 1;
	classes = {
	};
	objectVersion = 55;
	objects = {

/* Begin PBXBuildFile section */
		D064E8102872FA4000DDD4B9 /* ParameterApp.swift in Sources */ = {isa = PBXBuildFile; fileRef = D064E80F2872FA4000DDD4B9 /* ParameterApp.swift */; };
		D064E8122872FA4000DDD4B9 /* ContentView.swift in Sources */ = {isa = PBXBuildFile; fileRef = D064E8112872FA4000DDD4B9 /* ContentView.swift */; };
		D064E8142872FA4100DDD4B9 /* Assets.xcassets in Resources */ = {isa = PBXBuildFile; fileRef = D064E8132872FA4100DDD4B9 /* Assets.xcassets */; };
		D064E8172872FA4100DDD4B9 /* Preview Assets.xcassets in Resources */ = {isa = PBXBuildFile; fileRef = D064E8162872FA4100DDD4B9 /* Preview Assets.xcassets */; };
		D064E8222872FA4100DDD4B9 /* ParameterTests.swift in Sources */ = {isa = PBXBuildFile; fileRef = D064E8212872FA4100DDD4B9 /* ParameterTests.swift */; };
		D064E82C2872FA4200DDD4B9 /* ParameterUITests.swift in Sources */ = {isa = PBXBuildFile; fileRef = D064E82B2872FA4200DDD4B9 /* ParameterUITests.swift */; };
		D064E82E2872FA4200DDD4B9 /* ParameterUITestsLaunchTests.swift in Sources */ = {isa = PBXBuildFile; fileRef = D064E82D2872FA4200DDD4B9 /* ParameterUITestsLaunchTests.swift */; };
/* End PBXBuildFile section */

/* Begin PBXContainerItemProxy section */
		D064E81E2872FA4100DDD4B9 /* PBXContainerItemProxy */ = {
			isa = PBXContainerItemProxy;
			containerPortal = D064E8042872FA4000DDD4B9 /* Project object */;
			proxyType = 1;
			remoteGlobalIDString = D064E80B2872FA4000DDD4B9;
			remoteInfo = Parameter;
		};
		D064E8282872FA4200DDD4B9 /* PBXContainerItemProxy */ = {
			isa = PBXContainerItemProxy;
			containerPortal = D064E8042872FA4000DDD4B9 /* Project object */;
			proxyType = 1;
			remoteGlobalIDString = D064E80B2872FA4000DDD4B9;
			remoteInfo = Parameter;
		};
/* End PBXContainerItemProxy section */

/* Begin PBXFileReference section */
		D064E80C2872FA4000DDD4B9 /* Parameter.app */ = {isa = PBXFileReference; explicitFileType = wrapper.application; includeInIndex = 0; path = Parameter.app; sourceTree = BUILT_PRODUCTS_DIR; };
		D064E80F2872FA4000DDD4B9 /* ParameterApp.swift */ = {isa = PBXFileReference; lastKnownFileType = sourcecode.swift; path = ParameterApp.swift; sourceTree = "<group>"; };
		D064E8112872FA4000DDD4B9 /* ContentView.swift */ = {isa = PBXFileReference; lastKnownFileType = sourcecode.swift; path = ContentView.swift; sourceTree = "<group>"; };
		D064E8132872FA4100DDD4B9 /* Assets.xcassets */ = {isa = PBXFileReference; lastKnownFileType = folder.assetcatalog; path = Assets.xcassets; sourceTree = "<group>"; };
		D064E8162872FA4100DDD4B9 /* Preview Assets.xcassets */ = {isa = PBXFileReference; lastKnownFileType = folder.assetcatalog; path = "Preview Assets.xcassets"; sourceTree = "<group>"; };
		D064E8182872FA4100DDD4B9 /* Parameter.entitlements */ = {isa = PBXFileReference; lastKnownFileType = text.plist.entitlements; path = Parameter.entitlements; sourceTree = "<group>"; };
		D064E81D2872FA4100DDD4B9 /* ParameterTests.xctest */ = {isa = PBXFileReference; explicitFileType = wrapper.cfbundle; includeInIndex = 0; path = ParameterTests.xctest; sourceTree = BUILT_PRODUCTS_DIR; };
		D064E8212872FA4100DDD4B9 /* ParameterTests.swift */ = {isa = PBXFileReference; lastKnownFileType = sourcecode.swift; path = ParameterTests.swift; sourceTree = "<group>"; };
		D064E8272872FA4200DDD4B9 /* ParameterUITests.xctest */ = {isa = PBXFileReference; explicitFileType = wrapper.cfbundle; includeInIndex = 0; path = ParameterUITests.xctest; sourceTree = BUILT_PRODUCTS_DIR; };
		D064E82B2872FA4200DDD4B9 /* ParameterUITests.swift */ = {isa = PBXFileReference; lastKnownFileType = sourcecode.swift; path = ParameterUITests.swift; sourceTree = "<group>"; };
		D064E82D2872FA4200DDD4B9 /* ParameterUITestsLaunchTests.swift */ = {isa = PBXFileReference; lastKnownFileType = sourcecode.swift; path = ParameterUITestsLaunchTests.swift; sourceTree = "<group>"; };
/* End PBXFileReference section */

/* Begin PBXFrameworksBuildPhase section */
		D064E8092872FA4000DDD4B9 /* Frameworks */ = {
			isa = PBXFrameworksBuildPhase;
			buildActionMask = 2147483647;
			files = (
			);
			runOnlyForDeploymentPostprocessing = 0;
		};
		D064E81A2872FA4100DDD4B9 /* Frameworks */ = {
			isa = PBXFrameworksBuildPhase;
			buildActionMask = 2147483647;
			files = (
			);
			runOnlyForDeploymentPostprocessing = 0;
		};
		D064E8242872FA4200DDD4B9 /* Frameworks */ = {
			isa = PBXFrameworksBuildPhase;
			buildActionMask = 2147483647;
			files = (
			);
			runOnlyForDeploymentPostprocessing = 0;
		};
/* End PBXFrameworksBuildPhase section */

/* Begin PBXGroup section */
		D064E8032872FA4000DDD4B9 = {
			isa = PBXGroup;
			children = (
				D064E80E2872FA4000DDD4B9 /* Parameter */,
				D064E8202872FA4100DDD4B9 /* ParameterTests */,
				D064E82A2872FA4200DDD4B9 /* ParameterUITests */,
				D064E80D2872FA4000DDD4B9 /* Products */,
			);
			sourceTree = "<group>";
		};
		D064E80D2872FA4000DDD4B9 /* Products */ = {
			isa = PBXGroup;
			children = (
				D064E80C2872FA4000DDD4B9 /* Parameter.app */,
				D064E81D2872FA4100DDD4B9 /* ParameterTests.xctest */,
				D064E8272872FA4200DDD4B9 /* ParameterUITests.xctest */,
			);
			name = Products;
			sourceTree = "<group>";
		};
		D064E80E2872FA4000DDD4B9 /* Parameter */ = {
			isa = PBXGroup;
			children = (
				D064E80F2872FA4000DDD4B9 /* ParameterApp.swift */,
				D064E8112872FA4000DDD4B9 /* ContentView.swift */,
				D064E8132872FA4100DDD4B9 /* Assets.xcassets */,
				D064E8182872FA4100DDD4B9 /* Parameter.entitlements */,
				D064E8152872FA4100DDD4B9 /* Preview Content */,
			);
			path = Parameter;
			sourceTree = "<group>";
		};
		D064E8152872FA4100DDD4B9 /* Preview Content */ = {
			isa = PBXGroup;
			children = (
				D064E8162872FA4100DDD4B9 /* Preview Assets.xcassets */,
			);
			path = "Preview Content";
			sourceTree = "<group>";
		};
		D064E8202872FA4100DDD4B9 /* ParameterTests */ = {
			isa = PBXGroup;
			children = (
				D064E8212872FA4100DDD4B9 /* ParameterTests.swift */,
			);
			path = ParameterTests;
			sourceTree = "<group>";
		};
		D064E82A2872FA4200DDD4B9 /* ParameterUITests */ = {
			isa = PBXGroup;
			children = (
				D064E82B2872FA4200DDD4B9 /* ParameterUITests.swift */,
				D064E82D2872FA4200DDD4B9 /* ParameterUITestsLaunchTests.swift */,
			);
			path = ParameterUITests;
			sourceTree = "<group>";
		};
/* End PBXGroup section */

/* Begin PBXNativeTarget section */
		D064E80B2872FA4000DDD4B9 /* Parameter */ = {
			isa = PBXNativeTarget;
			buildConfigurationList = D064E8312872FA4200DDD4B9 /* Build configuration list for PBXNativeTarget "Parameter" */;
			buildPhases = (
				D064E8082872FA4000DDD4B9 /* Sources */,
				D064E8092872FA4000DDD4B9 /* Frameworks */,
				D064E80A2872FA4000DDD4B9 /* Resources */,
			);
			buildRules = (
			);
			dependencies = (
			);
			name = Parameter;
			productName = Parameter;
			productReference = D064E80C2872FA4000DDD4B9 /* Parameter.app */;
			productType = "com.apple.product-type.application";
		};
		D064E81C2872FA4100DDD4B9 /* ParameterTests */ = {
			isa = PBXNativeTarget;
			buildConfigurationList = D064E8342872FA4200DDD4B9 /* Build configuration list for PBXNativeTarget "ParameterTests" */;
			buildPhases = (
				D064E8192872FA4100DDD4B9 /* Sources */,
				D064E81A2872FA4100DDD4B9 /* Frameworks */,
				D064E81B2872FA4100DDD4B9 /* Resources */,
			);
			buildRules = (
			);
			dependencies = (
				D064E81F2872FA4100DDD4B9 /* PBXTargetDependency */,
			);
			name = ParameterTests;
			productName = ParameterTests;
			productReference = D064E81D2872FA4100DDD4B9 /* ParameterTests.xctest */;
			productType = "com.apple.product-type.bundle.unit-test";
		};
		D064E8262872FA4200DDD4B9 /* ParameterUITests */ = {
			isa = PBXNativeTarget;
			buildConfigurationList = D064E8372872FA4200DDD4B9 /* Build configuration list for PBXNativeTarget "ParameterUITests" */;
			buildPhases = (
				D064E8232872FA4200DDD4B9 /* Sources */,
				D064E8242872FA4200DDD4B9 /* Frameworks */,
				D064E8252872FA4200DDD4B9 /* Resources */,
			);
			buildRules = (
			);
			dependencies = (
				D064E8292872FA4200DDD4B9 /* PBXTargetDependency */,
			);
			name = ParameterUITests;
			productName = ParameterUITests;
			productReference = D064E8272872FA4200DDD4B9 /* ParameterUITests.xctest */;
			productType = "com.apple.product-type.bundle.ui-testing";
		};
/* End PBXNativeTarget section */

/* Begin PBXProject section */
		D064E8042872FA4000DDD4B9 /* Project object */ = {
			isa = PBXProject;
			attributes = {
				BuildIndependentTargetsInParallel = 1;
				LastSwiftUpdateCheck = 1340;
				LastUpgradeCheck = 1340;
				TargetAttributes = {
					D064E80B2872FA4000DDD4B9 = {
						CreatedOnToolsVersion = 13.4.1;
					};
					D064E81C2872FA4100DDD4B9 = {
						CreatedOnToolsVersion = 13.4.1;
						TestTargetID = D064E80B2872FA4000DDD4B9;
					};
					D064E8262872FA4200DDD4B9 = {
						CreatedOnToolsVersion = 13.4.1;
						TestTargetID = D064E80B2872FA4000DDD4B9;
					};
				};
			};
			buildConfigurationList = D064E8072872FA4000DDD4B9 /* Build configuration list for PBXProject "Parameter" */;
			compatibilityVersion = "Xcode 13.0";
			developmentRegion = en;
			hasScannedForEncodings = 0;
			knownRegions = (
				en,
				Base,
			);
			mainGroup = D064E8032872FA4000DDD4B9;
			productRefGroup = D064E80D2872FA4000DDD4B9 /* Products */;
			projectDirPath = "";
			projectRoot = "";
			targets = (
				D064E80B2872FA4000DDD4B9 /* Parameter */,
				D064E81C2872FA4100DDD4B9 /* ParameterTests */,
				D064E8262872FA4200DDD4B9 /* ParameterUITests */,
			);
		};
/* End PBXProject section */

/* Begin PBXResourcesBuildPhase section */
		D064E80A2872FA4000DDD4B9 /* Resources */ = {
			isa = PBXResourcesBuildPhase;
			buildActionMask = 2147483647;
			files = (
				D064E8172872FA4100DDD4B9 /* Preview Assets.xcassets in Resources */,
				D064E8142872FA4100DDD4B9 /* Assets.xcassets in Resources */,
			);
			runOnlyForDeploymentPostprocessing = 0;
		};
		D064E81B2872FA4100DDD4B9 /* Resources */ = {
			isa = PBXResourcesBuildPhase;
			buildActionMask = 2147483647;
			files = (
			);
			runOnlyForDeploymentPostprocessing = 0;
		};
		D064E8252872FA4200DDD4B9 /* Resources */ = {
			isa = PBXResourcesBuildPhase;
			buildActionMask = 2147483647;
			files = (
			);
			runOnlyForDeploymentPostprocessing = 0;
		};
/* End PBXResourcesBuildPhase section */

/* Begin PBXSourcesBuildPhase section */
		D064E8082872FA4000DDD4B9 /* Sources */ = {
			isa = PBXSourcesBuildPhase;
			buildActionMask = 2147483647;
			files = (
				D064E8122872FA4000DDD4B9 /* ContentView.swift in Sources */,
				D064E8102872FA4000DDD4B9 /* ParameterApp.swift in Sources */,
			);
			runOnlyForDeploymentPostprocessing = 0;
		};
		D064E8192872FA4100DDD4B9 /* Sources */ = {
			isa = PBXSourcesBuildPhase;
			buildActionMask = 2147483647;
			files = (
				D064E8222872FA4100DDD4B9 /* ParameterTests.swift in Sources */,
			);
			runOnlyForDeploymentPostprocessing = 0;
		};
		D064E8232872FA4200DDD4B9 /* Sources */ = {
			isa = PBXSourcesBuildPhase;
			buildActionMask = 2147483647;
			files = (
				D064E82E2872FA4200DDD4B9 /* ParameterUITestsLaunchTests.swift in Sources */,
				D064E82C2872FA4200DDD4B9 /* ParameterUITests.swift in Sources */,
			);
			runOnlyForDeploymentPostprocessing = 0;
		};
/* End PBXSourcesBuildPhase section */

/* Begin PBXTargetDependency section */
		D064E81F2872FA4100DDD4B9 /* PBXTargetDependency */ = {
			isa = PBXTargetDependency;
			target = D064E80B2872FA4000DDD4B9 /* Parameter */;
			targetProxy = D064E81E2872FA4100DDD4B9 /* PBXContainerItemProxy */;
		};
		D064E8292872FA4200DDD4B9 /* PBXTargetDependency */ = {
			isa = PBXTargetDependency;
			target = D064E80B2872FA4000DDD4B9 /* Parameter */;
			targetProxy = D064E8282872FA4200DDD4B9 /* PBXContainerItemProxy */;
		};
/* End PBXTargetDependency section */

/* Begin XCBuildConfiguration section */
		D064E82F2872FA4200DDD4B9 /* Debug */ = {
			isa = XCBuildConfiguration;
			buildSettings = {
				ALWAYS_SEARCH_USER_PATHS = NO;
				CLANG_ANALYZER_NONNULL = YES;
				CLANG_ANALYZER_NUMBER_OBJECT_CONVERSION = YES_AGGRESSIVE;
				CLANG_CXX_LANGUAGE_STANDARD = "gnu++17";
				CLANG_ENABLE_MODULES = YES;
				CLANG_ENABLE_OBJC_ARC = YES;
				CLANG_ENABLE_OBJC_WEAK = YES;
				CLANG_WARN_BLOCK_CAPTURE_AUTORELEASING = YES;
				CLANG_WARN_BOOL_CONVERSION = YES;
				CLANG_WARN_COMMA = YES;
				CLANG_WARN_CONSTANT_CONVERSION = YES;
				CLANG_WARN_DEPRECATED_OBJC_IMPLEMENTATIONS = YES;
				CLANG_WARN_DIRECT_OBJC_ISA_USAGE = YES_ERROR;
				CLANG_WARN_DOCUMENTATION_COMMENTS = YES;
				CLANG_WARN_EMPTY_BODY = YES;
				CLANG_WARN_ENUM_CONVERSION = YES;
				CLANG_WARN_INFINITE_RECURSION = YES;
				CLANG_WARN_INT_CONVERSION = YES;
				CLANG_WARN_NON_LITERAL_NULL_CONVERSION = YES;
				CLANG_WARN_OBJC_IMPLICIT_RETAIN_SELF = YES;
				CLANG_WARN_OBJC_LITERAL_CONVERSION = YES;
				CLANG_WARN_OBJC_ROOT_CLASS = YES_ERROR;
				CLANG_WARN_QUOTED_INCLUDE_IN_FRAMEWORK_HEADER = YES;
				CLANG_WARN_RANGE_LOOP_ANALYSIS = YES;
				CLANG_WARN_STRICT_PROTOTYPES = YES;
				CLANG_WARN_SUSPICIOUS_MOVE = YES;
				CLANG_WARN_UNGUARDED_AVAILABILITY = YES_AGGRESSIVE;
				CLANG_WARN_UNREACHABLE_CODE = YES;
				CLANG_WARN__DUPLICATE_METHOD_MATCH = YES;
				COPY_PHASE_STRIP = NO;
				DEBUG_INFORMATION_FORMAT = dwarf;
				ENABLE_STRICT_OBJC_MSGSEND = YES;
				ENABLE_TESTABILITY = YES;
				GCC_C_LANGUAGE_STANDARD = gnu11;
				GCC_DYNAMIC_NO_PIC = NO;
				GCC_NO_COMMON_BLOCKS = YES;
				GCC_OPTIMIZATION_LEVEL = 0;
				GCC_PREPROCESSOR_DEFINITIONS = (
					"DEBUG=1",
					"$(inherited)",
				);
				GCC_WARN_64_TO_32_BIT_CONVERSION = YES;
				GCC_WARN_ABOUT_RETURN_TYPE = YES_ERROR;
				GCC_WARN_UNDECLARED_SELECTOR = YES;
				GCC_WARN_UNINITIALIZED_AUTOS = YES_AGGRESSIVE;
				GCC_WARN_UNUSED_FUNCTION = YES;
				GCC_WARN_UNUSED_VARIABLE = YES;
				MACOSX_DEPLOYMENT_TARGET = 12.3;
				MTL_ENABLE_DEBUG_INFO = INCLUDE_SOURCE;
				MTL_FAST_MATH = YES;
				ONLY_ACTIVE_ARCH = YES;
				SDKROOT = macosx;
				SWIFT_ACTIVE_COMPILATION_CONDITIONS = DEBUG;
				SWIFT_OPTIMIZATION_LEVEL = "-Onone";
			};
			name = Debug;
		};
		D064E8302872FA4200DDD4B9 /* Release */ = {
			isa = XCBuildConfiguration;
			buildSettings = {
				ALWAYS_SEARCH_USER_PATHS = NO;
				CLANG_ANALYZER_NONNULL = YES;
				CLANG_ANALYZER_NUMBER_OBJECT_CONVERSION = YES_AGGRESSIVE;
				CLANG_CXX_LANGUAGE_STANDARD = "gnu++17";
				CLANG_ENABLE_MODULES = YES;
				CLANG_ENABLE_OBJC_ARC = YES;
				CLANG_ENABLE_OBJC_WEAK = YES;
				CLANG_WARN_BLOCK_CAPTURE_AUTORELEASING = YES;
				CLANG_WARN_BOOL_CONVERSION = YES;
				CLANG_WARN_COMMA = YES;
				CLANG_WARN_CONSTANT_CONVERSION = YES;
				CLANG_WARN_DEPRECATED_OBJC_IMPLEMENTATIONS = YES;
				CLANG_WARN_DIRECT_OBJC_ISA_USAGE = YES_ERROR;
				CLANG_WARN_DOCUMENTATION_COMMENTS = YES;
				CLANG_WARN_EMPTY_BODY = YES;
				CLANG_WARN_ENUM_CONVERSION = YES;
				CLANG_WARN_INFINITE_RECURSION = YES;
				CLANG_WARN_INT_CONVERSION = YES;
				CLANG_WARN_NON_LITERAL_NULL_CONVERSION = YES;
				CLANG_WARN_OBJC_IMPLICIT_RETAIN_SELF = YES;
				CLANG_WARN_OBJC_LITERAL_CONVERSION = YES;
				CLANG_WARN_OBJC_ROOT_CLASS = YES_ERROR;
				CLANG_WARN_QUOTED_INCLUDE_IN_FRAMEWORK_HEADER = YES;
				CLANG_WARN_RANGE_LOOP_ANALYSIS = YES;
				CLANG_WARN_STRICT_PROTOTYPES = YES;
				CLANG_WARN_SUSPICIOUS_MOVE = YES;
				CLANG_WARN_UNGUARDED_AVAILABILITY = YES_AGGRESSIVE;
				CLANG_WARN_UNREACHABLE_CODE = YES;
				CLANG_WARN__DUPLICATE_METHOD_MATCH = YES;
				COPY_PHASE_STRIP = NO;
				DEBUG_INFORMATION_FORMAT = "dwarf-with-dsym";
				ENABLE_NS_ASSERTIONS = NO;
				ENABLE_STRICT_OBJC_MSGSEND = YES;
				GCC_C_LANGUAGE_STANDARD = gnu11;
				GCC_NO_COMMON_BLOCKS = YES;
				GCC_WARN_64_TO_32_BIT_CONVERSION = YES;
				GCC_WARN_ABOUT_RETURN_TYPE = YES_ERROR;
				GCC_WARN_UNDECLARED_SELECTOR = YES;
				GCC_WARN_UNINITIALIZED_AUTOS = YES_AGGRESSIVE;
				GCC_WARN_UNUSED_FUNCTION = YES;
				GCC_WARN_UNUSED_VARIABLE = YES;
				MACOSX_DEPLOYMENT_TARGET = 12.3;
				MTL_ENABLE_DEBUG_INFO = NO;
				MTL_FAST_MATH = YES;
				SDKROOT = macosx;
				SWIFT_COMPILATION_MODE = wholemodule;
				SWIFT_OPTIMIZATION_LEVEL = "-O";
			};
			name = Release;
		};
		D064E8322872FA4200DDD4B9 /* Debug */ = {
			isa = XCBuildConfiguration;
			buildSettings = {
				ASSETCATALOG_COMPILER_APPICON_NAME = AppIcon;
				ASSETCATALOG_COMPILER_GLOBAL_ACCENT_COLOR_NAME = AccentColor;
				CODE_SIGN_ENTITLEMENTS = Parameter/Parameter.entitlements;
				CODE_SIGN_STYLE = Automatic;
				COMBINE_HIDPI_IMAGES = YES;
				CURRENT_PROJECT_VERSION = 1;
				DEVELOPMENT_ASSET_PATHS = "\"Parameter/Preview Content\"";
				ENABLE_PREVIEWS = YES;
				GENERATE_INFOPLIST_FILE = YES;
				INFOPLIST_KEY_NSHumanReadableCopyright = "";
				LD_RUNPATH_SEARCH_PATHS = (
					"$(inherited)",
					"@executable_path/../Frameworks",
				);
				MARKETING_VERSION = 1.0;
				PRODUCT_BUNDLE_IDENTIFIER = int.Parameter;
				PRODUCT_NAME = "$(TARGET_NAME)";
				SWIFT_EMIT_LOC_STRINGS = YES;
				SWIFT_VERSION = 5.0;
			};
			name = Debug;
		};
		D064E8332872FA4200DDD4B9 /* Release */ = {
			isa = XCBuildConfiguration;
			buildSettings = {
				ASSETCATALOG_COMPILER_APPICON_NAME = AppIcon;
				ASSETCATALOG_COMPILER_GLOBAL_ACCENT_COLOR_NAME = AccentColor;
				CODE_SIGN_ENTITLEMENTS = Parameter/Parameter.entitlements;
				CODE_SIGN_STYLE = Automatic;
				COMBINE_HIDPI_IMAGES = YES;
				CURRENT_PROJECT_VERSION = 1;
				DEVELOPMENT_ASSET_PATHS = "\"Parameter/Preview Content\"";
				ENABLE_PREVIEWS = YES;
				GENERATE_INFOPLIST_FILE = YES;
				INFOPLIST_KEY_NSHumanReadableCopyright = "";
				LD_RUNPATH_SEARCH_PATHS = (
					"$(inherited)",
					"@executable_path/../Frameworks",
				);
				MARKETING_VERSION = 1.0;
				PRODUCT_BUNDLE_IDENTIFIER = int.Parameter;
				PRODUCT_NAME = "$(TARGET_NAME)";
				SWIFT_EMIT_LOC_STRINGS = YES;
				SWIFT_VERSION = 5.0;
			};
			name = Release;
		};
		D064E8352872FA4200DDD4B9 /* Debug */ = {
			isa = XCBuildConfiguration;
			buildSettings = {
				ALWAYS_EMBED_SWIFT_STANDARD_LIBRARIES = YES;
				BUNDLE_LOADER = "$(TEST_HOST)";
				CODE_SIGN_STYLE = Automatic;
				CURRENT_PROJECT_VERSION = 1;
				GENERATE_INFOPLIST_FILE = YES;
				MACOSX_DEPLOYMENT_TARGET = 12.3;
				MARKETING_VERSION = 1.0;
				PRODUCT_BUNDLE_IDENTIFIER = int.ParameterTests;
				PRODUCT_NAME = "$(TARGET_NAME)";
				SWIFT_EMIT_LOC_STRINGS = NO;
				SWIFT_VERSION = 5.0;
				TEST_HOST = "$(BUILT_PRODUCTS_DIR)/Parameter.app/Contents/MacOS/Parameter";
			};
			name = Debug;
		};
		D064E8362872FA4200DDD4B9 /* Release */ = {
			isa = XCBuildConfiguration;
			buildSettings = {
				ALWAYS_EMBED_SWIFT_STANDARD_LIBRARIES = YES;
				BUNDLE_LOADER = "$(TEST_HOST)";
				CODE_SIGN_STYLE = Automatic;
				CURRENT_PROJECT_VERSION = 1;
				GENERATE_INFOPLIST_FILE = YES;
				MACOSX_DEPLOYMENT_TARGET = 12.3;
				MARKETING_VERSION = 1.0;
				PRODUCT_BUNDLE_IDENTIFIER = int.ParameterTests;
				PRODUCT_NAME = "$(TARGET_NAME)";
				SWIFT_EMIT_LOC_STRINGS = NO;
				SWIFT_VERSION = 5.0;
				TEST_HOST = "$(BUILT_PRODUCTS_DIR)/Parameter.app/Contents/MacOS/Parameter";
			};
			name = Release;
		};
		D064E8382872FA4200DDD4B9 /* Debug */ = {
			isa = XCBuildConfiguration;
			buildSettings = {
				ALWAYS_EMBED_SWIFT_STANDARD_LIBRARIES = YES;
				CODE_SIGN_STYLE = Automatic;
				CURRENT_PROJECT_VERSION = 1;
				GENERATE_INFOPLIST_FILE = YES;
				MARKETING_VERSION = 1.0;
				PRODUCT_BUNDLE_IDENTIFIER = int.ParameterUITests;
				PRODUCT_NAME = "$(TARGET_NAME)";
				SWIFT_EMIT_LOC_STRINGS = NO;
				SWIFT_VERSION = 5.0;
				TEST_TARGET_NAME = Parameter;
			};
			name = Debug;
		};
		D064E8392872FA4200DDD4B9 /* Release */ = {
			isa = XCBuildConfiguration;
			buildSettings = {
				ALWAYS_EMBED_SWIFT_STANDARD_LIBRARIES = YES;
				CODE_SIGN_STYLE = Automatic;
				CURRENT_PROJECT_VERSION = 1;
				GENERATE_INFOPLIST_FILE = YES;
				MARKETING_VERSION = 1.0;
				PRODUCT_BUNDLE_IDENTIFIER = int.ParameterUITests;
				PRODUCT_NAME = "$(TARGET_NAME)";
				SWIFT_EMIT_LOC_STRINGS = NO;
				SWIFT_VERSION = 5.0;
				TEST_TARGET_NAME = Parameter;
			};
			name = Release;
		};
/* End XCBuildConfiguration section */

/* Begin XCConfigurationList section */
		D064E8072872FA4000DDD4B9 /* Build configuration list for PBXProject "Parameter" */ = {
			isa = XCConfigurationList;
			buildConfigurations = (
				D064E82F2872FA4200DDD4B9 /* Debug */,
				D064E8302872FA4200DDD4B9 /* Release */,
			);
			defaultConfigurationIsVisible = 0;
			defaultConfigurationName = Release;
		};
		D064E8312872FA4200DDD4B9 /* Build configuration list for PBXNativeTarget "Parameter" */ = {
			isa = XCConfigurationList;
			buildConfigurations = (
				D064E8322872FA4200DDD4B9 /* Debug */,
				D064E8332872FA4200DDD4B9 /* Release */,
			);
			defaultConfigurationIsVisible = 0;
			defaultConfigurationName = Release;
		};
		D064E8342872FA4200DDD4B9 /* Build configuration list for PBXNativeTarget "ParameterTests" */ = {
			isa = XCConfigurationList;
			buildConfigurations = (
				D064E8352872FA4200DDD4B9 /* Debug */,
				D064E8362872FA4200DDD4B9 /* Release */,
			);
			defaultConfigurationIsVisible = 0;
			defaultConfigurationName = Release;
		};
		D064E8372872FA4200DDD4B9 /* Build configuration list for PBXNativeTarget "ParameterUITests" */ = {
			isa = XCConfigurationList;
			buildConfigurations = (
				D064E8382872FA4200DDD4B9 /* Debug */,
				D064E8392872FA4200DDD4B9 /* Release */,
			);
			defaultConfigurationIsVisible = 0;
			defaultConfigurationName = Release;
		};
/* End XCConfigurationList section */
	};
	rootObject = D064E8042872FA4000DDD4B9 /* Project object */;
}
